
Microsoft Visual Studio Solution File, Format Version 12.00
# Visual Studio Version 16
VisualStudioVersion = 16.0.29001.49
MinimumVisualStudioVersion = 10.0.40219.1
Project("{FAE04EC0-301F-11D3-BF4B-00C04F79EFBC}") = "MyBike_Store_Data_Layer", "MyBike_Store_Data_Layer\MyBike_Store_Data_Layer.csproj", "{F040C8EA-7ED3-4DC8-A5E9-E42B7E2C997A}"
EndProject
Global
	GlobalSection(SolutionConfigurationPlatforms) = preSolution
		Debug|Any CPU = Debug|Any CPU
		Release|Any CPU = Release|Any CPU
	EndGlobalSection
	GlobalSection(ProjectConfigurationPlatforms) = postSolution
		{F040C8EA-7ED3-4DC8-A5E9-E42B7E2C997A}.Debug|Any CPU.ActiveCfg = Debug|Any CPU
		{F040C8EA-7ED3-4DC8-A5E9-E42B7E2C997A}.Debug|Any CPU.Build.0 = Debug|Any CPU
		{F040C8EA-7ED3-4DC8-A5E9-E42B7E2C997A}.Release|Any CPU.ActiveCfg = Release|Any CPU
		{F040C8EA-7ED3-4DC8-A5E9-E42B7E2C997A}.Release|Any CPU.Build.0 = Release|Any CPU
	EndGlobalSection
	GlobalSection(SolutionProperties) = preSolution
		HideSolutionNode = FALSE
	EndGlobalSection
	GlobalSection(ExtensibilityGlobals) = postSolution
		SolutionGuid = {FD8728DB-2BD3-4344-825E-A63DD49A246A}
	EndGlobalSection
EndGlobal
